
Microsoft Visual Studio Solution File, Format Version 12.00
# Visual Studio 15
VisualStudioVersion = 15.0.28307.705
MinimumVisualStudioVersion = 10.0.40219.1
Project("{FAE04EC0-301F-11D3-BF4B-00C04F79EFBC}") = "WS_Core.Api", "WS_Core.Api\WS_Core.Api.csproj", "{23FD38BA-19D9-4D6B-9D22-7FEBA574CA0B}"
EndProject
Project("{FAE04EC0-301F-11D3-BF4B-00C04F79EFBC}") = "WS_Core.Data", "WS_Core.Data\WS_Core.Data.csproj", "{A55E0F01-8AAF-48EA-9EE6-7C823AF9540B}"
EndProject
Project("{FAE04EC0-301F-11D3-BF4B-00C04F79EFBC}") = "WS_Core.Domain", "WS_Core.Domain\WS_Core.Domain.csproj", "{C346A048-9204-4C14-80F0-CEC870F9EE49}"
EndProject
Project("{FAE04EC0-301F-11D3-BF4B-00C04F79EFBC}") = "WS_Core.Service", "WS_Core.Service\WS_Core.Service.csproj", "{C43A5028-5E92-461F-8E39-6A362F8DF49B}"
EndProject
Global
	GlobalSection(SolutionConfigurationPlatforms) = preSolution
		Debug|Any CPU = Debug|Any CPU
		Release|Any CPU = Release|Any CPU
	EndGlobalSection
	GlobalSection(ProjectConfigurationPlatforms) = postSolution
		{23FD38BA-19D9-4D6B-9D22-7FEBA574CA0B}.Debug|Any CPU.ActiveCfg = Debug|Any CPU
		{23FD38BA-19D9-4D6B-9D22-7FEBA574CA0B}.Debug|Any CPU.Build.0 = Debug|Any CPU
		{23FD38BA-19D9-4D6B-9D22-7FEBA574CA0B}.Release|Any CPU.ActiveCfg = Release|Any CPU
		{23FD38BA-19D9-4D6B-9D22-7FEBA574CA0B}.Release|Any CPU.Build.0 = Release|Any CPU
		{A55E0F01-8AAF-48EA-9EE6-7C823AF9540B}.Debug|Any CPU.ActiveCfg = Debug|Any CPU
		{A55E0F01-8AAF-48EA-9EE6-7C823AF9540B}.Debug|Any CPU.Build.0 = Debug|Any CPU
		{A55E0F01-8AAF-48EA-9EE6-7C823AF9540B}.Release|Any CPU.ActiveCfg = Release|Any CPU
		{A55E0F01-8AAF-48EA-9EE6-7C823AF9540B}.Release|Any CPU.Build.0 = Release|Any CPU
		{C346A048-9204-4C14-80F0-CEC870F9EE49}.Debug|Any CPU.ActiveCfg = Debug|Any CPU
		{C346A048-9204-4C14-80F0-CEC870F9EE49}.Debug|Any CPU.Build.0 = Debug|Any CPU
		{C346A048-9204-4C14-80F0-CEC870F9EE49}.Release|Any CPU.ActiveCfg = Release|Any CPU
		{C346A048-9204-4C14-80F0-CEC870F9EE49}.Release|Any CPU.Build.0 = Release|Any CPU
		{C43A5028-5E92-461F-8E39-6A362F8DF49B}.Debug|Any CPU.ActiveCfg = Debug|Any CPU
		{C43A5028-5E92-461F-8E39-6A362F8DF49B}.Debug|Any CPU.Build.0 = Debug|Any CPU
		{C43A5028-5E92-461F-8E39-6A362F8DF49B}.Release|Any CPU.ActiveCfg = Release|Any CPU
		{C43A5028-5E92-461F-8E39-6A362F8DF49B}.Release|Any CPU.Build.0 = Release|Any CPU
	EndGlobalSection
	GlobalSection(SolutionProperties) = preSolution
		HideSolutionNode = FALSE
	EndGlobalSection
	GlobalSection(ExtensibilityGlobals) = postSolution
		SolutionGuid = {F6F09812-F860-4D6F-B571-1A05E731032C}
	EndGlobalSection
EndGlobal
